{
  "name": "fb-runner",
  "requires": true,
  "lockfileVersion": 1,
  "dependencies": {
    "@ministryofjustice/fb-components-core": {
      "version": "0.0.146-29",
      "resolved": "https://registry.npmjs.org/@ministryofjustice/fb-components-core/-/fb-components-core-0.0.146-29.tgz",
      "integrity": "sha512-xEpQaL16mGJLRG7tV5GNWmEI77XpQnC07N7CtnHKzkaUreVAEWALxgBhu9O79lY23D1nZRNtV3fZ8g2C6sT60A==",
      "requires": {
        "govuk-frontend": "2.13.0"
      }
    },
    "govuk-frontend": {
      "version": "2.13.0",
      "resolved": "https://registry.npmjs.org/govuk-frontend/-/govuk-frontend-2.13.0.tgz",
      "integrity": "sha512-6XDtTt5plSrPQvPgLFN4LCtb9ULuqoXCgkHy5c7XE/70/sVm47RPbLR11tYGPcmV8cOApBhW0wL8y8ryspHfpw=="
    }
  }
}
